// !$*UTF8*$!
{
	archiveVersion = 1;
	classes = {
	};
	objectVersion = 56;
	objects = {

/* Begin PBXBuildFile section */
		DB2414392B876F5000970733 /* BaseView.swift in Sources */ = {isa = PBXBuildFile; fileRef = DB2414382B876F5000970733 /* BaseView.swift */; };
		DB24143B2B87708A00970733 /* Observable.swift in Sources */ = {isa = PBXBuildFile; fileRef = DB24143A2B87708A00970733 /* Observable.swift */; };
		DB543A9D2B87696F00831C13 /* AppDelegate.swift in Sources */ = {isa = PBXBuildFile; fileRef = DB543A9C2B87696F00831C13 /* AppDelegate.swift */; };
		DB543A9F2B87696F00831C13 /* SceneDelegate.swift in Sources */ = {isa = PBXBuildFile; fileRef = DB543A9E2B87696F00831C13 /* SceneDelegate.swift */; };
		DB543AA12B87696F00831C13 /* ViewController.swift in Sources */ = {isa = PBXBuildFile; fileRef = DB543AA02B87696F00831C13 /* ViewController.swift */; };
		DB543AA62B87697100831C13 /* Assets.xcassets in Resources */ = {isa = PBXBuildFile; fileRef = DB543AA52B87697100831C13 /* Assets.xcassets */; };
		DB543AA92B87697100831C13 /* LaunchScreen.storyboard in Resources */ = {isa = PBXBuildFile; fileRef = DB543AA72B87697100831C13 /* LaunchScreen.storyboard */; };
		DB543AB62B876CC500831C13 /* ViewModel.swift in Sources */ = {isa = PBXBuildFile; fileRef = DB543AB52B876CC500831C13 /* ViewModel.swift */; };
		DB543AB82B876D3D00831C13 /* View.swift in Sources */ = {isa = PBXBuildFile; fileRef = DB543AB72B876D3D00831C13 /* View.swift */; };
		DB543ABB2B876D5500831C13 /* Then in Frameworks */ = {isa = PBXBuildFile; productRef = DB543ABA2B876D5500831C13 /* Then */; };
		DB543ABE2B876D6000831C13 /* SnapKit in Frameworks */ = {isa = PBXBuildFile; productRef = DB543ABD2B876D6000831C13 /* SnapKit */; };
		DB543AC02B876D6000831C13 /* SnapKit-Dynamic in Frameworks */ = {isa = PBXBuildFile; productRef = DB543ABF2B876D6000831C13 /* SnapKit-Dynamic */; };
/* End PBXBuildFile section */

/* Begin PBXFileReference section */
		DB2414382B876F5000970733 /* BaseView.swift */ = {isa = PBXFileReference; lastKnownFileType = sourcecode.swift; path = BaseView.swift; sourceTree = "<group>"; };
		DB24143A2B87708A00970733 /* Observable.swift */ = {isa = PBXFileReference; lastKnownFileType = sourcecode.swift; path = Observable.swift; sourceTree = "<group>"; };
		DB543A992B87696F00831C13 /* MVVM-Practice.app */ = {isa = PBXFileReference; explicitFileType = wrapper.application; includeInIndex = 0; path = "MVVM-Practice.app"; sourceTree = BUILT_PRODUCTS_DIR; };
		DB543A9C2B87696F00831C13 /* AppDelegate.swift */ = {isa = PBXFileReference; lastKnownFileType = sourcecode.swift; path = AppDelegate.swift; sourceTree = "<group>"; };
		DB543A9E2B87696F00831C13 /* SceneDelegate.swift */ = {isa = PBXFileReference; lastKnownFileType = sourcecode.swift; path = SceneDelegate.swift; sourceTree = "<group>"; };
		DB543AA02B87696F00831C13 /* ViewController.swift */ = {isa = PBXFileReference; lastKnownFileType = sourcecode.swift; path = ViewController.swift; sourceTree = "<group>"; };
		DB543AA52B87697100831C13 /* Assets.xcassets */ = {isa = PBXFileReference; lastKnownFileType = folder.assetcatalog; path = Assets.xcassets; sourceTree = "<group>"; };
		DB543AA82B87697100831C13 /* Base */ = {isa = PBXFileReference; lastKnownFileType = file.storyboard; name = Base; path = Base.lproj/LaunchScreen.storyboard; sourceTree = "<group>"; };
		DB543AAA2B87697100831C13 /* Info.plist */ = {isa = PBXFileReference; lastKnownFileType = text.plist.xml; path = Info.plist; sourceTree = "<group>"; };
		DB543AB52B876CC500831C13 /* ViewModel.swift */ = {isa = PBXFileReference; lastKnownFileType = sourcecode.swift; path = ViewModel.swift; sourceTree = "<group>"; };
		DB543AB72B876D3D00831C13 /* View.swift */ = {isa = PBXFileReference; lastKnownFileType = sourcecode.swift; path = View.swift; sourceTree = "<group>"; };
/* End PBXFileReference section */

/* Begin PBXFrameworksBuildPhase section */
		DB543A962B87696F00831C13 /* Frameworks */ = {
			isa = PBXFrameworksBuildPhase;
			buildActionMask = 2147483647;
			files = (
				DB543ABB2B876D5500831C13 /* Then in Frameworks */,
				DB543ABE2B876D6000831C13 /* SnapKit in Frameworks */,
				DB543AC02B876D6000831C13 /* SnapKit-Dynamic in Frameworks */,
			);
			runOnlyForDeploymentPostprocessing = 0;
		};
/* End PBXFrameworksBuildPhase section */

/* Begin PBXGroup section */
		DB2414372B876F3E00970733 /* Base */ = {
			isa = PBXGroup;
			children = (
				DB2414382B876F5000970733 /* BaseView.swift */,
			);
			path = Base;
			sourceTree = "<group>";
		};
		DB543A902B87696F00831C13 = {
			isa = PBXGroup;
			children = (
				DB543A9B2B87696F00831C13 /* MVVM-Practice */,
				DB543A9A2B87696F00831C13 /* Products */,
			);
			sourceTree = "<group>";
		};
		DB543A9A2B87696F00831C13 /* Products */ = {
			isa = PBXGroup;
			children = (
				DB543A992B87696F00831C13 /* MVVM-Practice.app */,
			);
			name = Products;
			sourceTree = "<group>";
		};
		DB543A9B2B87696F00831C13 /* MVVM-Practice */ = {
			isa = PBXGroup;
			children = (
				DB543AB42B876C1500831C13 /* Presentation */,
				DB543AB02B876BE200831C13 /* Resource */,
				DB543A9C2B87696F00831C13 /* AppDelegate.swift */,
				DB543A9E2B87696F00831C13 /* SceneDelegate.swift */,
				DB543AA52B87697100831C13 /* Assets.xcassets */,
				DB543AA72B87697100831C13 /* LaunchScreen.storyboard */,
				DB543AAA2B87697100831C13 /* Info.plist */,
			);
			path = "MVVM-Practice";
			sourceTree = "<group>";
		};
		DB543AB02B876BE200831C13 /* Resource */ = {
			isa = PBXGroup;
			children = (
				DB2414372B876F3E00970733 /* Base */,
				DB24143A2B87708A00970733 /* Observable.swift */,
			);
			path = Resource;
			sourceTree = "<group>";
		};
		DB543AB12B876BEA00831C13 /* ViewController */ = {
			isa = PBXGroup;
			children = (
				DB543AA02B87696F00831C13 /* ViewController.swift */,
				DB543AB72B876D3D00831C13 /* View.swift */,
			);
			path = ViewController;
			sourceTree = "<group>";
		};
		DB543AB22B876C0200831C13 /* ViewModel */ = {
			isa = PBXGroup;
			children = (
				DB543AB52B876CC500831C13 /* ViewModel.swift */,
			);
			path = ViewModel;
			sourceTree = "<group>";
		};
		DB543AB32B876C0700831C13 /* Model */ = {
			isa = PBXGroup;
			children = (
			);
			path = Model;
			sourceTree = "<group>";
		};
		DB543AB42B876C1500831C13 /* Presentation */ = {
			isa = PBXGroup;
			children = (
				DB543AB32B876C0700831C13 /* Model */,
				DB543AB22B876C0200831C13 /* ViewModel */,
				DB543AB12B876BEA00831C13 /* ViewController */,
			);
			path = Presentation;
			sourceTree = "<group>";
		};
/* End PBXGroup section */

/* Begin PBXNativeTarget section */
		DB543A982B87696F00831C13 /* MVVM-Practice */ = {
			isa = PBXNativeTarget;
			buildConfigurationList = DB543AAD2B87697100831C13 /* Build configuration list for PBXNativeTarget "MVVM-Practice" */;
			buildPhases = (
				DB543A952B87696F00831C13 /* Sources */,
				DB543A962B87696F00831C13 /* Frameworks */,
				DB543A972B87696F00831C13 /* Resources */,
			);
			buildRules = (
			);
			dependencies = (
			);
			name = "MVVM-Practice";
			packageProductDependencies = (
				DB543ABA2B876D5500831C13 /* Then */,
				DB543ABD2B876D6000831C13 /* SnapKit */,
				DB543ABF2B876D6000831C13 /* SnapKit-Dynamic */,
			);
			productName = "MVVM-Practice";
			productReference = DB543A992B87696F00831C13 /* MVVM-Practice.app */;
			productType = "com.apple.product-type.application";
		};
/* End PBXNativeTarget section */

/* Begin PBXProject section */
		DB543A912B87696F00831C13 /* Project object */ = {
			isa = PBXProject;
			attributes = {
				BuildIndependentTargetsInParallel = 1;
				LastSwiftUpdateCheck = 1520;
				LastUpgradeCheck = 1520;
				TargetAttributes = {
					DB543A982B87696F00831C13 = {
						CreatedOnToolsVersion = 15.2;
					};
				};
			};
			buildConfigurationList = DB543A942B87696F00831C13 /* Build configuration list for PBXProject "MVVM-Practice" */;
			compatibilityVersion = "Xcode 14.0";
			developmentRegion = en;
			hasScannedForEncodings = 0;
			knownRegions = (
				en,
				Base,
			);
			mainGroup = DB543A902B87696F00831C13;
			packageReferences = (
				DB543AB92B876D5500831C13 /* XCRemoteSwiftPackageReference "Then" */,
				DB543ABC2B876D6000831C13 /* XCRemoteSwiftPackageReference "SnapKit" */,
			);
			productRefGroup = DB543A9A2B87696F00831C13 /* Products */;
			projectDirPath = "";
			projectRoot = "";
			targets = (
				DB543A982B87696F00831C13 /* MVVM-Practice */,
			);
		};
/* End PBXProject section */

/* Begin PBXResourcesBuildPhase section */
		DB543A972B87696F00831C13 /* Resources */ = {
			isa = PBXResourcesBuildPhase;
			buildActionMask = 2147483647;
			files = (
				DB543AA92B87697100831C13 /* LaunchScreen.storyboard in Resources */,
				DB543AA62B87697100831C13 /* Assets.xcassets in Resources */,
			);
			runOnlyForDeploymentPostprocessing = 0;
		};
/* End PBXResourcesBuildPhase section */

/* Begin PBXSourcesBuildPhase section */
		DB543A952B87696F00831C13 /* Sources */ = {
			isa = PBXSourcesBuildPhase;
			buildActionMask = 2147483647;
			files = (
				DB543AA12B87696F00831C13 /* ViewController.swift in Sources */,
				DB543A9D2B87696F00831C13 /* AppDelegate.swift in Sources */,
				DB543AB82B876D3D00831C13 /* View.swift in Sources */,
				DB24143B2B87708A00970733 /* Observable.swift in Sources */,
				DB2414392B876F5000970733 /* BaseView.swift in Sources */,
				DB543AB62B876CC500831C13 /* ViewModel.swift in Sources */,
				DB543A9F2B87696F00831C13 /* SceneDelegate.swift in Sources */,
			);
			runOnlyForDeploymentPostprocessing = 0;
		};
/* End PBXSourcesBuildPhase section */

/* Begin PBXVariantGroup section */
		DB543AA72B87697100831C13 /* LaunchScreen.storyboard */ = {
			isa = PBXVariantGroup;
			children = (
				DB543AA82B87697100831C13 /* Base */,
			);
			name = LaunchScreen.storyboard;
			sourceTree = "<group>";
		};
/* End PBXVariantGroup section */

/* Begin XCBuildConfiguration section */
		DB543AAB2B87697100831C13 /* Debug */ = {
			isa = XCBuildConfiguration;
			buildSettings = {
				ALWAYS_SEARCH_USER_PATHS = NO;
				ASSETCATALOG_COMPILER_GENERATE_SWIFT_ASSET_SYMBOL_EXTENSIONS = YES;
				CLANG_ANALYZER_NONNULL = YES;
				CLANG_ANALYZER_NUMBER_OBJECT_CONVERSION = YES_AGGRESSIVE;
				CLANG_CXX_LANGUAGE_STANDARD = "gnu++20";
				CLANG_ENABLE_MODULES = YES;
				CLANG_ENABLE_OBJC_ARC = YES;
				CLANG_ENABLE_OBJC_WEAK = YES;
				CLANG_WARN_BLOCK_CAPTURE_AUTORELEASING = YES;
				CLANG_WARN_BOOL_CONVERSION = YES;
				CLANG_WARN_COMMA = YES;
				CLANG_WARN_CONSTANT_CONVERSION = YES;
				CLANG_WARN_DEPRECATED_OBJC_IMPLEMENTATIONS = YES;
				CLANG_WARN_DIRECT_OBJC_ISA_USAGE = YES_ERROR;
				CLANG_WARN_DOCUMENTATION_COMMENTS = YES;
				CLANG_WARN_EMPTY_BODY = YES;
				CLANG_WARN_ENUM_CONVERSION = YES;
				CLANG_WARN_INFINITE_RECURSION = YES;
				CLANG_WARN_INT_CONVERSION = YES;
				CLANG_WARN_NON_LITERAL_NULL_CONVERSION = YES;
				CLANG_WARN_OBJC_IMPLICIT_RETAIN_SELF = YES;
				CLANG_WARN_OBJC_LITERAL_CONVERSION = YES;
				CLANG_WARN_OBJC_ROOT_CLASS = YES_ERROR;
				CLANG_WARN_QUOTED_INCLUDE_IN_FRAMEWORK_HEADER = YES;
				CLANG_WARN_RANGE_LOOP_ANALYSIS = YES;
				CLANG_WARN_STRICT_PROTOTYPES = YES;
				CLANG_WARN_SUSPICIOUS_MOVE = YES;
				CLANG_WARN_UNGUARDED_AVAILABILITY = YES_AGGRESSIVE;
				CLANG_WARN_UNREACHABLE_CODE = YES;
				CLANG_WARN__DUPLICATE_METHOD_MATCH = YES;
				COPY_PHASE_STRIP = NO;
				DEBUG_INFORMATION_FORMAT = dwarf;
				ENABLE_STRICT_OBJC_MSGSEND = YES;
				ENABLE_TESTABILITY = YES;
				ENABLE_USER_SCRIPT_SANDBOXING = YES;
				GCC_C_LANGUAGE_STANDARD = gnu17;
				GCC_DYNAMIC_NO_PIC = NO;
				GCC_NO_COMMON_BLOCKS = YES;
				GCC_OPTIMIZATION_LEVEL = 0;
				GCC_PREPROCESSOR_DEFINITIONS = (
					"DEBUG=1",
					"$(inherited)",
				);
				GCC_WARN_64_TO_32_BIT_CONVERSION = YES;
				GCC_WARN_ABOUT_RETURN_TYPE = YES_ERROR;
				GCC_WARN_UNDECLARED_SELECTOR = YES;
				GCC_WARN_UNINITIALIZED_AUTOS = YES_AGGRESSIVE;
				GCC_WARN_UNUSED_FUNCTION = YES;
				GCC_WARN_UNUSED_VARIABLE = YES;
				IPHONEOS_DEPLOYMENT_TARGET = 17.2;
				LOCALIZATION_PREFERS_STRING_CATALOGS = YES;
				MTL_ENABLE_DEBUG_INFO = INCLUDE_SOURCE;
				MTL_FAST_MATH = YES;
				ONLY_ACTIVE_ARCH = YES;
				SDKROOT = iphoneos;
				SWIFT_ACTIVE_COMPILATION_CONDITIONS = "DEBUG $(inherited)";
				SWIFT_OPTIMIZATION_LEVEL = "-Onone";
			};
			name = Debug;
		};
		DB543AAC2B87697100831C13 /* Release */ = {
			isa = XCBuildConfiguration;
			buildSettings = {
				ALWAYS_SEARCH_USER_PATHS = NO;
				ASSETCATALOG_COMPILER_GENERATE_SWIFT_ASSET_SYMBOL_EXTENSIONS = YES;
				CLANG_ANALYZER_NONNULL = YES;
				CLANG_ANALYZER_NUMBER_OBJECT_CONVERSION = YES_AGGRESSIVE;
				CLANG_CXX_LANGUAGE_STANDARD = "gnu++20";
				CLANG_ENABLE_MODULES = YES;
				CLANG_ENABLE_OBJC_ARC = YES;
				CLANG_ENABLE_OBJC_WEAK = YES;
				CLANG_WARN_BLOCK_CAPTURE_AUTORELEASING = YES;
				CLANG_WARN_BOOL_CONVERSION = YES;
				CLANG_WARN_COMMA = YES;
				CLANG_WARN_CONSTANT_CONVERSION = YES;
				CLANG_WARN_DEPRECATED_OBJC_IMPLEMENTATIONS = YES;
				CLANG_WARN_DIRECT_OBJC_ISA_USAGE = YES_ERROR;
				CLANG_WARN_DOCUMENTATION_COMMENTS = YES;
				CLANG_WARN_EMPTY_BODY = YES;
				CLANG_WARN_ENUM_CONVERSION = YES;
				CLANG_WARN_INFINITE_RECURSION = YES;
				CLANG_WARN_INT_CONVERSION = YES;
				CLANG_WARN_NON_LITERAL_NULL_CONVERSION = YES;
				CLANG_WARN_OBJC_IMPLICIT_RETAIN_SELF = YES;
				CLANG_WARN_OBJC_LITERAL_CONVERSION = YES;
				CLANG_WARN_OBJC_ROOT_CLASS = YES_ERROR;
				CLANG_WARN_QUOTED_INCLUDE_IN_FRAMEWORK_HEADER = YES;
				CLANG_WARN_RANGE_LOOP_ANALYSIS = YES;
				CLANG_WARN_STRICT_PROTOTYPES = YES;
				CLANG_WARN_SUSPICIOUS_MOVE = YES;
				CLANG_WARN_UNGUARDED_AVAILABILITY = YES_AGGRESSIVE;
				CLANG_WARN_UNREACHABLE_CODE = YES;
				CLANG_WARN__DUPLICATE_METHOD_MATCH = YES;
				COPY_PHASE_STRIP = NO;
				DEBUG_INFORMATION_FORMAT = "dwarf-with-dsym";
				ENABLE_NS_ASSERTIONS = NO;
				ENABLE_STRICT_OBJC_MSGSEND = YES;
				ENABLE_USER_SCRIPT_SANDBOXING = YES;
				GCC_C_LANGUAGE_STANDARD = gnu17;
				GCC_NO_COMMON_BLOCKS = YES;
				GCC_WARN_64_TO_32_BIT_CONVERSION = YES;
				GCC_WARN_ABOUT_RETURN_TYPE = YES_ERROR;
				GCC_WARN_UNDECLARED_SELECTOR = YES;
				GCC_WARN_UNINITIALIZED_AUTOS = YES_AGGRESSIVE;
				GCC_WARN_UNUSED_FUNCTION = YES;
				GCC_WARN_UNUSED_VARIABLE = YES;
				IPHONEOS_DEPLOYMENT_TARGET = 17.2;
				LOCALIZATION_PREFERS_STRING_CATALOGS = YES;
				MTL_ENABLE_DEBUG_INFO = NO;
				MTL_FAST_MATH = YES;
				SDKROOT = iphoneos;
				SWIFT_COMPILATION_MODE = wholemodule;
				VALIDATE_PRODUCT = YES;
			};
			name = Release;
		};
		DB543AAE2B87697100831C13 /* Debug */ = {
			isa = XCBuildConfiguration;
			buildSettings = {
				ASSETCATALOG_COMPILER_APPICON_NAME = AppIcon;
				ASSETCATALOG_COMPILER_GLOBAL_ACCENT_COLOR_NAME = AccentColor;
				CODE_SIGN_STYLE = Automatic;
				CURRENT_PROJECT_VERSION = 1;
				DEVELOPMENT_TEAM = SUZFV58S8B;
				GENERATE_INFOPLIST_FILE = YES;
				INFOPLIST_FILE = "MVVM-Practice/Info.plist";
				INFOPLIST_KEY_UIApplicationSupportsIndirectInputEvents = YES;
				INFOPLIST_KEY_UILaunchStoryboardName = LaunchScreen;
				INFOPLIST_KEY_UIMainStoryboardFile = "";
				INFOPLIST_KEY_UISupportedInterfaceOrientations = UIInterfaceOrientationPortrait;
				INFOPLIST_KEY_UISupportedInterfaceOrientations_iPad = "UIInterfaceOrientationLandscapeLeft UIInterfaceOrientationLandscapeRight UIInterfaceOrientationPortrait UIInterfaceOrientationPortraitUpsideDown";
				LD_RUNPATH_SEARCH_PATHS = (
					"$(inherited)",
					"@executable_path/Frameworks",
				);
				MARKETING_VERSION = 1.0;
				PRODUCT_BUNDLE_IDENTIFIER = "com.jinoo.MVVM-Practice";
				PRODUCT_NAME = "$(TARGET_NAME)";
				SUPPORTED_PLATFORMS = "iphoneos iphonesimulator";
				SUPPORTS_MACCATALYST = NO;
				SUPPORTS_MAC_DESIGNED_FOR_IPHONE_IPAD = NO;
				SUPPORTS_XR_DESIGNED_FOR_IPHONE_IPAD = NO;
				SWIFT_EMIT_LOC_STRINGS = YES;
				SWIFT_VERSION = 5.0;
				TARGETED_DEVICE_FAMILY = 1;
			};
			name = Debug;
		};
		DB543AAF2B87697100831C13 /* Release */ = {
			isa = XCBuildConfiguration;
			buildSettings = {
				ASSETCATALOG_COMPILER_APPICON_NAME = AppIcon;
				ASSETCATALOG_COMPILER_GLOBAL_ACCENT_COLOR_NAME = AccentColor;
				CODE_SIGN_STYLE = Automatic;
				CURRENT_PROJECT_VERSION = 1;
				DEVELOPMENT_TEAM = SUZFV58S8B;
				GENERATE_INFOPLIST_FILE = YES;
				INFOPLIST_FILE = "MVVM-Practice/Info.plist";
				INFOPLIST_KEY_UIApplicationSupportsIndirectInputEvents = YES;
				INFOPLIST_KEY_UILaunchStoryboardName = LaunchScreen;
				INFOPLIST_KEY_UIMainStoryboardFile = "";
				INFOPLIST_KEY_UISupportedInterfaceOrientations = UIInterfaceOrientationPortrait;
				INFOPLIST_KEY_UISupportedInterfaceOrientations_iPad = "UIInterfaceOrientationLandscapeLeft UIInterfaceOrientationLandscapeRight UIInterfaceOrientationPortrait UIInterfaceOrientationPortraitUpsideDown";
				LD_RUNPATH_SEARCH_PATHS = (
					"$(inherited)",
					"@executable_path/Frameworks",
				);
				MARKETING_VERSION = 1.0;
				PRODUCT_BUNDLE_IDENTIFIER = "com.jinoo.MVVM-Practice";
				PRODUCT_NAME = "$(TARGET_NAME)";
				SUPPORTED_PLATFORMS = "iphoneos iphonesimulator";
				SUPPORTS_MACCATALYST = NO;
				SUPPORTS_MAC_DESIGNED_FOR_IPHONE_IPAD = NO;
				SUPPORTS_XR_DESIGNED_FOR_IPHONE_IPAD = NO;
				SWIFT_EMIT_LOC_STRINGS = YES;
				SWIFT_VERSION = 5.0;
				TARGETED_DEVICE_FAMILY = 1;
			};
			name = Release;
		};
/* End XCBuildConfiguration section */

/* Begin XCConfigurationList section */
		DB543A942B87696F00831C13 /* Build configuration list for PBXProject "MVVM-Practice" */ = {
			isa = XCConfigurationList;
			buildConfigurations = (
				DB543AAB2B87697100831C13 /* Debug */,
				DB543AAC2B87697100831C13 /* Release */,
			);
			defaultConfigurationIsVisible = 0;
			defaultConfigurationName = Release;
		};
		DB543AAD2B87697100831C13 /* Build configuration list for PBXNativeTarget "MVVM-Practice" */ = {
			isa = XCConfigurationList;
			buildConfigurations = (
				DB543AAE2B87697100831C13 /* Debug */,
				DB543AAF2B87697100831C13 /* Release */,
			);
			defaultConfigurationIsVisible = 0;
			defaultConfigurationName = Release;
		};
/* End XCConfigurationList section */

/* Begin XCRemoteSwiftPackageReference section */
		DB543AB92B876D5500831C13 /* XCRemoteSwiftPackageReference "Then" */ = {
			isa = XCRemoteSwiftPackageReference;
			repositoryURL = "https://github.com/devxoul/Then";
			requirement = {
				kind = upToNextMajorVersion;
				minimumVersion = 3.0.0;
			};
		};
		DB543ABC2B876D6000831C13 /* XCRemoteSwiftPackageReference "SnapKit" */ = {
			isa = XCRemoteSwiftPackageReference;
			repositoryURL = "https://github.com/SnapKit/SnapKit";
			requirement = {
				kind = upToNextMajorVersion;
				minimumVersion = 5.7.1;
			};
		};
/* End XCRemoteSwiftPackageReference section */

/* Begin XCSwiftPackageProductDependency section */
		DB543ABA2B876D5500831C13 /* Then */ = {
			isa = XCSwiftPackageProductDependency;
			package = DB543AB92B876D5500831C13 /* XCRemoteSwiftPackageReference "Then" */;
			productName = Then;
		};
		DB543ABD2B876D6000831C13 /* SnapKit */ = {
			isa = XCSwiftPackageProductDependency;
			package = DB543ABC2B876D6000831C13 /* XCRemoteSwiftPackageReference "SnapKit" */;
			productName = SnapKit;
		};
		DB543ABF2B876D6000831C13 /* SnapKit-Dynamic */ = {
			isa = XCSwiftPackageProductDependency;
			package = DB543ABC2B876D6000831C13 /* XCRemoteSwiftPackageReference "SnapKit" */;
			productName = "SnapKit-Dynamic";
		};
/* End XCSwiftPackageProductDependency section */
	};
	rootObject = DB543A912B87696F00831C13 /* Project object */;
}
